{
  "name": "dappbot-types",
  "version": "0.0.1",
  "lockfileVersion": 1,
  "requires": true,
  "dependencies": {
    "@types/node": {
      "version": "12.7.2",
      "resolved": "https://registry.npmjs.org/@types/node/-/node-12.7.2.tgz",
      "integrity": "sha512-dyYO+f6ihZEtNPDcWNR1fkoTDf3zAK3lAABDze3mz6POyIercH0lEUawUFXlG8xaQZmm1yEBON/4TsYv/laDYg=="
    },
    "@types/stripe": {
      "version": "6.31.20",
      "resolved": "https://registry.npmjs.org/@types/stripe/-/stripe-6.31.20.tgz",
      "integrity": "sha512-dZsPBNQiDXkzS9leZ/5oNshIloef3tYhte4XshEXodkT+yiL7QSLm10h1nQ+VS1vmL3I3VdcWK1HtrrGy+3w5A==",
      "requires": {
        "@types/node": "*"
      }
    },
    "runtypes": {
      "version": "4.0.1",
      "resolved": "https://registry.npmjs.org/runtypes/-/runtypes-4.0.1.tgz",
      "integrity": "sha512-xEsbihoFvnUzRno7MWzq18eUcBVlY1Ydtrb9tVaYyK7DW1UtFbFlUf84L2Au9ZbDRfbEnx/edKrf95YlOIZ61w=="
    },
    "ts-xor": {
      "version": "1.0.8",
      "resolved": "https://registry.npmjs.org/ts-xor/-/ts-xor-1.0.8.tgz",
      "integrity": "sha512-0u70/SDLSCaX23UddnwAb2GvZZ2N0Rbjnmemn5pHoR40D32Xcva5KRGWV9SdJOKHCjJUlmctmCTvT0z+2yT8aw=="
    }
  }
}
